
Microsoft Visual Studio Solution File, Format Version 12.00
# Visual Studio Version 16
VisualStudioVersion = 16.0.31410.357
MinimumVisualStudioVersion = 10.0.40219.1
Project("{FAE04EC0-301F-11D3-BF4B-00C04F79EFBC}") = "mr_FormulaBhaskara", "mr_FormulaBhaskara\mr_FormulaBhaskara.csproj", "{A61FB9EC-AE61-44CE-BEDE-CBE144D5F068}"
EndProject
Global
	GlobalSection(SolutionConfigurationPlatforms) = preSolution
		Debug|Any CPU = Debug|Any CPU
		Release|Any CPU = Release|Any CPU
	EndGlobalSection
	GlobalSection(ProjectConfigurationPlatforms) = postSolution
		{A61FB9EC-AE61-44CE-BEDE-CBE144D5F068}.Debug|Any CPU.ActiveCfg = Debug|Any CPU
		{A61FB9EC-AE61-44CE-BEDE-CBE144D5F068}.Debug|Any CPU.Build.0 = Debug|Any CPU
		{A61FB9EC-AE61-44CE-BEDE-CBE144D5F068}.Release|Any CPU.ActiveCfg = Release|Any CPU
		{A61FB9EC-AE61-44CE-BEDE-CBE144D5F068}.Release|Any CPU.Build.0 = Release|Any CPU
	EndGlobalSection
	GlobalSection(SolutionProperties) = preSolution
		HideSolutionNode = FALSE
	EndGlobalSection
	GlobalSection(ExtensibilityGlobals) = postSolution
		SolutionGuid = {F89A2BA9-4053-4AA0-8D58-745968F09420}
	EndGlobalSection
EndGlobal
