
Microsoft Visual Studio Solution File, Format Version 12.00
# Visual Studio Version 16
VisualStudioVersion = 16.0.31613.86
MinimumVisualStudioVersion = 10.0.40219.1
Project("{FAE04EC0-301F-11D3-BF4B-00C04F79EFBC}") = "CRUD-CadastroProduto", "CRUD-CadastroProduto.csproj", "{4C77ED00-7E96-4D6D-A5F4-3146EB708C8B}"
EndProject
Global
	GlobalSection(SolutionConfigurationPlatforms) = preSolution
		Debug|Any CPU = Debug|Any CPU
		Release|Any CPU = Release|Any CPU
	EndGlobalSection
	GlobalSection(ProjectConfigurationPlatforms) = postSolution
		{4C77ED00-7E96-4D6D-A5F4-3146EB708C8B}.Debug|Any CPU.ActiveCfg = Debug|Any CPU
		{4C77ED00-7E96-4D6D-A5F4-3146EB708C8B}.Debug|Any CPU.Build.0 = Debug|Any CPU
		{4C77ED00-7E96-4D6D-A5F4-3146EB708C8B}.Release|Any CPU.ActiveCfg = Release|Any CPU
		{4C77ED00-7E96-4D6D-A5F4-3146EB708C8B}.Release|Any CPU.Build.0 = Release|Any CPU
	EndGlobalSection
	GlobalSection(SolutionProperties) = preSolution
		HideSolutionNode = FALSE
	EndGlobalSection
	GlobalSection(ExtensibilityGlobals) = postSolution
		SolutionGuid = {EDA1F338-6113-4295-8149-FDF40B7916B8}
	EndGlobalSection
EndGlobal
